
Microsoft Visual Studio Solution File, Format Version 12.00
# Visual Studio 14
VisualStudioVersion = 14.0.25420.1
MinimumVisualStudioVersion = 10.0.40219.1
Project("{FAE04EC0-301F-11D3-BF4B-00C04F79EFBC}") = "CarDealer1", "CarDealer1\CarDealer1.csproj", "{4AA29573-CE9B-4290-BBF0-C54441A6EE95}"
EndProject
Project("{FAE04EC0-301F-11D3-BF4B-00C04F79EFBC}") = "Data", "Data\Data.csproj", "{4F4C8CAB-B2B5-4618-A306-29F808839A06}"
EndProject
Project("{FAE04EC0-301F-11D3-BF4B-00C04F79EFBC}") = "Model", "Model\Model.csproj", "{05AFB486-D24C-4B57-87D0-1D2469AFA0D2}"
EndProject
Project("{FAE04EC0-301F-11D3-BF4B-00C04F79EFBC}") = "Tests", "Tests\Tests.csproj", "{D33F491A-FDF1-479C-B9A5-8A6AC8332DAA}"
EndProject
Global
	GlobalSection(SolutionConfigurationPlatforms) = preSolution
		Debug|Any CPU = Debug|Any CPU
		Release|Any CPU = Release|Any CPU
	EndGlobalSection
	GlobalSection(ProjectConfigurationPlatforms) = postSolution
		{4AA29573-CE9B-4290-BBF0-C54441A6EE95}.Debug|Any CPU.ActiveCfg = Debug|Any CPU
		{4AA29573-CE9B-4290-BBF0-C54441A6EE95}.Debug|Any CPU.Build.0 = Debug|Any CPU
		{4AA29573-CE9B-4290-BBF0-C54441A6EE95}.Release|Any CPU.ActiveCfg = Release|Any CPU
		{4AA29573-CE9B-4290-BBF0-C54441A6EE95}.Release|Any CPU.Build.0 = Release|Any CPU
		{4F4C8CAB-B2B5-4618-A306-29F808839A06}.Debug|Any CPU.ActiveCfg = Debug|Any CPU
		{4F4C8CAB-B2B5-4618-A306-29F808839A06}.Debug|Any CPU.Build.0 = Debug|Any CPU
		{4F4C8CAB-B2B5-4618-A306-29F808839A06}.Release|Any CPU.ActiveCfg = Release|Any CPU
		{4F4C8CAB-B2B5-4618-A306-29F808839A06}.Release|Any CPU.Build.0 = Release|Any CPU
		{05AFB486-D24C-4B57-87D0-1D2469AFA0D2}.Debug|Any CPU.ActiveCfg = Debug|Any CPU
		{05AFB486-D24C-4B57-87D0-1D2469AFA0D2}.Debug|Any CPU.Build.0 = Debug|Any CPU
		{05AFB486-D24C-4B57-87D0-1D2469AFA0D2}.Release|Any CPU.ActiveCfg = Release|Any CPU
		{05AFB486-D24C-4B57-87D0-1D2469AFA0D2}.Release|Any CPU.Build.0 = Release|Any CPU
		{D33F491A-FDF1-479C-B9A5-8A6AC8332DAA}.Debug|Any CPU.ActiveCfg = Debug|Any CPU
		{D33F491A-FDF1-479C-B9A5-8A6AC8332DAA}.Debug|Any CPU.Build.0 = Debug|Any CPU
		{D33F491A-FDF1-479C-B9A5-8A6AC8332DAA}.Release|Any CPU.ActiveCfg = Release|Any CPU
		{D33F491A-FDF1-479C-B9A5-8A6AC8332DAA}.Release|Any CPU.Build.0 = Release|Any CPU
	EndGlobalSection
	GlobalSection(SolutionProperties) = preSolution
		HideSolutionNode = FALSE
	EndGlobalSection
EndGlobal
